// !$*UTF8*$!
{
	archiveVersion = 1;
	classes = {
	};
	objectVersion = 50;
	objects = {

/* Begin PBXBuildFile section */
		10FF1AF62150B657005105A2 /* AppDelegate.swift in Sources */ = {isa = PBXBuildFile; fileRef = 10FF1AF52150B657005105A2 /* AppDelegate.swift */; };
		10FF1AF82150B657005105A2 /* ViewController.swift in Sources */ = {isa = PBXBuildFile; fileRef = 10FF1AF72150B657005105A2 /* ViewController.swift */; };
		10FF1AFB2150B657005105A2 /* Main.storyboard in Resources */ = {isa = PBXBuildFile; fileRef = 10FF1AF92150B657005105A2 /* Main.storyboard */; };
		10FF1AFE2150B657005105A2 /* Tasks.xcdatamodeld in Sources */ = {isa = PBXBuildFile; fileRef = 10FF1AFC2150B657005105A2 /* Tasks.xcdatamodeld */; };
		10FF1B002150B65A005105A2 /* Assets.xcassets in Resources */ = {isa = PBXBuildFile; fileRef = 10FF1AFF2150B65A005105A2 /* Assets.xcassets */; };
		10FF1B032150B65A005105A2 /* LaunchScreen.storyboard in Resources */ = {isa = PBXBuildFile; fileRef = 10FF1B012150B65A005105A2 /* LaunchScreen.storyboard */; };
		10FF1B0E2150B65A005105A2 /* TasksTests.swift in Sources */ = {isa = PBXBuildFile; fileRef = 10FF1B0D2150B65A005105A2 /* TasksTests.swift */; };
/* End PBXBuildFile section */

/* Begin PBXContainerItemProxy section */
		10FF1B0A2150B65A005105A2 /* PBXContainerItemProxy */ = {
			isa = PBXContainerItemProxy;
			containerPortal = 10FF1AEA2150B657005105A2 /* Project object */;
			proxyType = 1;
			remoteGlobalIDString = 10FF1AF12150B657005105A2;
			remoteInfo = Tasks;
		};
/* End PBXContainerItemProxy section */

/* Begin PBXFileReference section */
		10FF1AF22150B657005105A2 /* Tasks.app */ = {isa = PBXFileReference; explicitFileType = wrapper.application; includeInIndex = 0; path = Tasks.app; sourceTree = BUILT_PRODUCTS_DIR; };
		10FF1AF52150B657005105A2 /* AppDelegate.swift */ = {isa = PBXFileReference; lastKnownFileType = sourcecode.swift; path = AppDelegate.swift; sourceTree = "<group>"; };
		10FF1AF72150B657005105A2 /* ViewController.swift */ = {isa = PBXFileReference; lastKnownFileType = sourcecode.swift; path = ViewController.swift; sourceTree = "<group>"; };
		10FF1AFA2150B657005105A2 /* Base */ = {isa = PBXFileReference; lastKnownFileType = file.storyboard; name = Base; path = Base.lproj/Main.storyboard; sourceTree = "<group>"; };
		10FF1AFD2150B657005105A2 /* Tasks.xcdatamodel */ = {isa = PBXFileReference; lastKnownFileType = wrapper.xcdatamodel; path = Tasks.xcdatamodel; sourceTree = "<group>"; };
		10FF1AFF2150B65A005105A2 /* Assets.xcassets */ = {isa = PBXFileReference; lastKnownFileType = folder.assetcatalog; path = Assets.xcassets; sourceTree = "<group>"; };
		10FF1B022150B65A005105A2 /* Base */ = {isa = PBXFileReference; lastKnownFileType = file.storyboard; name = Base; path = Base.lproj/LaunchScreen.storyboard; sourceTree = "<group>"; };
		10FF1B042150B65A005105A2 /* Info.plist */ = {isa = PBXFileReference; lastKnownFileType = text.plist.xml; path = Info.plist; sourceTree = "<group>"; };
		10FF1B092150B65A005105A2 /* TasksTests.xctest */ = {isa = PBXFileReference; explicitFileType = wrapper.cfbundle; includeInIndex = 0; path = TasksTests.xctest; sourceTree = BUILT_PRODUCTS_DIR; };
		10FF1B0D2150B65A005105A2 /* TasksTests.swift */ = {isa = PBXFileReference; lastKnownFileType = sourcecode.swift; path = TasksTests.swift; sourceTree = "<group>"; };
		10FF1B0F2150B65A005105A2 /* Info.plist */ = {isa = PBXFileReference; lastKnownFileType = text.plist.xml; path = Info.plist; sourceTree = "<group>"; };
/* End PBXFileReference section */

/* Begin PBXFrameworksBuildPhase section */
		10FF1AEF2150B657005105A2 /* Frameworks */ = {
			isa = PBXFrameworksBuildPhase;
			buildActionMask = 2147483647;
			files = (
			);
			runOnlyForDeploymentPostprocessing = 0;
		};
		10FF1B062150B65A005105A2 /* Frameworks */ = {
			isa = PBXFrameworksBuildPhase;
			buildActionMask = 2147483647;
			files = (
			);
			runOnlyForDeploymentPostprocessing = 0;
		};
/* End PBXFrameworksBuildPhase section */

/* Begin PBXGroup section */
		1059D7E72150B7CE00BDC7DE /* Model */ = {
			isa = PBXGroup;
			children = (
				10FF1AFC2150B657005105A2 /* Tasks.xcdatamodeld */,
			);
			name = Model;
			sourceTree = "<group>";
		};
		1089BE122150B7F200A551D3 /* Control */ = {
			isa = PBXGroup;
			children = (
				10FF1AF72150B657005105A2 /* ViewController.swift */,
			);
			name = Control;
			sourceTree = "<group>";
		};
		10FF1AE92150B657005105A2 = {
			isa = PBXGroup;
			children = (
				10FF1AF42150B657005105A2 /* Tasks */,
				10FF1B0C2150B65A005105A2 /* TasksTests */,
				10FF1AF32150B657005105A2 /* Products */,
			);
			sourceTree = "<group>";
		};
		10FF1AF32150B657005105A2 /* Products */ = {
			isa = PBXGroup;
			children = (
				10FF1AF22150B657005105A2 /* Tasks.app */,
				10FF1B092150B65A005105A2 /* TasksTests.xctest */,
			);
			name = Products;
			sourceTree = "<group>";
		};
		10FF1AF42150B657005105A2 /* Tasks */ = {
			isa = PBXGroup;
			children = (
				10FF1AF52150B657005105A2 /* AppDelegate.swift */,
				10FF1AF92150B657005105A2 /* Main.storyboard */,
				10FF1AFF2150B65A005105A2 /* Assets.xcassets */,
				10FF1B012150B65A005105A2 /* LaunchScreen.storyboard */,
				1089BE122150B7F200A551D3 /* Control */,
				1059D7E72150B7CE00BDC7DE /* Model */,
				10FF1B042150B65A005105A2 /* Info.plist */,
			);
			path = Tasks;
			sourceTree = "<group>";
		};
		10FF1B0C2150B65A005105A2 /* TasksTests */ = {
			isa = PBXGroup;
			children = (
				10FF1B0D2150B65A005105A2 /* TasksTests.swift */,
				10FF1B0F2150B65A005105A2 /* Info.plist */,
			);
			path = TasksTests;
			sourceTree = "<group>";
		};
/* End PBXGroup section */

/* Begin PBXNativeTarget section */
		10FF1AF12150B657005105A2 /* Tasks */ = {
			isa = PBXNativeTarget;
			buildConfigurationList = 10FF1B122150B65A005105A2 /* Build configuration list for PBXNativeTarget "Tasks" */;
			buildPhases = (
				10FF1AEE2150B657005105A2 /* Sources */,
				10FF1AEF2150B657005105A2 /* Frameworks */,
				10FF1AF02150B657005105A2 /* Resources */,
			);
			buildRules = (
			);
			dependencies = (
			);
			name = Tasks;
			productName = Tasks;
			productReference = 10FF1AF22150B657005105A2 /* Tasks.app */;
			productType = "com.apple.product-type.application";
		};
		10FF1B082150B65A005105A2 /* TasksTests */ = {
			isa = PBXNativeTarget;
			buildConfigurationList = 10FF1B152150B65A005105A2 /* Build configuration list for PBXNativeTarget "TasksTests" */;
			buildPhases = (
				10FF1B052150B65A005105A2 /* Sources */,
				10FF1B062150B65A005105A2 /* Frameworks */,
				10FF1B072150B65A005105A2 /* Resources */,
			);
			buildRules = (
			);
			dependencies = (
				10FF1B0B2150B65A005105A2 /* PBXTargetDependency */,
			);
			name = TasksTests;
			productName = TasksTests;
			productReference = 10FF1B092150B65A005105A2 /* TasksTests.xctest */;
			productType = "com.apple.product-type.bundle.unit-test";
		};
/* End PBXNativeTarget section */

/* Begin PBXProject section */
		10FF1AEA2150B657005105A2 /* Project object */ = {
			isa = PBXProject;
			attributes = {
				LastSwiftUpdateCheck = 0940;
				LastUpgradeCheck = 0940;
				ORGANIZATIONNAME = "Iree García";
				TargetAttributes = {
					10FF1AF12150B657005105A2 = {
						CreatedOnToolsVersion = 9.4.1;
					};
					10FF1B082150B65A005105A2 = {
						CreatedOnToolsVersion = 9.4.1;
						TestTargetID = 10FF1AF12150B657005105A2;
					};
				};
			};
			buildConfigurationList = 10FF1AED2150B657005105A2 /* Build configuration list for PBXProject "Tasks" */;
			compatibilityVersion = "Xcode 9.3";
			developmentRegion = en;
			hasScannedForEncodings = 0;
			knownRegions = (
				en,
				Base,
			);
			mainGroup = 10FF1AE92150B657005105A2;
			productRefGroup = 10FF1AF32150B657005105A2 /* Products */;
			projectDirPath = "";
			projectRoot = "";
			targets = (
				10FF1AF12150B657005105A2 /* Tasks */,
				10FF1B082150B65A005105A2 /* TasksTests */,
			);
		};
/* End PBXProject section */

/* Begin PBXResourcesBuildPhase section */
		10FF1AF02150B657005105A2 /* Resources */ = {
			isa = PBXResourcesBuildPhase;
			buildActionMask = 2147483647;
			files = (
				10FF1B032150B65A005105A2 /* LaunchScreen.storyboard in Resources */,
				10FF1B002150B65A005105A2 /* Assets.xcassets in Resources */,
				10FF1AFB2150B657005105A2 /* Main.storyboard in Resources */,
			);
			runOnlyForDeploymentPostprocessing = 0;
		};
		10FF1B072150B65A005105A2 /* Resources */ = {
			isa = PBXResourcesBuildPhase;
			buildActionMask = 2147483647;
			files = (
			);
			runOnlyForDeploymentPostprocessing = 0;
		};
/* End PBXResourcesBuildPhase section */

/* Begin PBXSourcesBuildPhase section */
		10FF1AEE2150B657005105A2 /* Sources */ = {
			isa = PBXSourcesBuildPhase;
			buildActionMask = 2147483647;
			files = (
				10FF1AF82150B657005105A2 /* ViewController.swift in Sources */,
				10FF1AF62150B657005105A2 /* AppDelegate.swift in Sources */,
				10FF1AFE2150B657005105A2 /* Tasks.xcdatamodeld in Sources */,
			);
			runOnlyForDeploymentPostprocessing = 0;
		};
		10FF1B052150B65A005105A2 /* Sources */ = {
			isa = PBXSourcesBuildPhase;
			buildActionMask = 2147483647;
			files = (
				10FF1B0E2150B65A005105A2 /* TasksTests.swift in Sources */,
			);
			runOnlyForDeploymentPostprocessing = 0;
		};
/* End PBXSourcesBuildPhase section */

/* Begin PBXTargetDependency section */
		10FF1B0B2150B65A005105A2 /* PBXTargetDependency */ = {
			isa = PBXTargetDependency;
			target = 10FF1AF12150B657005105A2 /* Tasks */;
			targetProxy = 10FF1B0A2150B65A005105A2 /* PBXContainerItemProxy */;
		};
/* End PBXTargetDependency section */

/* Begin PBXVariantGroup section */
		10FF1AF92150B657005105A2 /* Main.storyboard */ = {
			isa = PBXVariantGroup;
			children = (
				10FF1AFA2150B657005105A2 /* Base */,
			);
			name = Main.storyboard;
			sourceTree = "<group>";
		};
		10FF1B012150B65A005105A2 /* LaunchScreen.storyboard */ = {
			isa = PBXVariantGroup;
			children = (
				10FF1B022150B65A005105A2 /* Base */,
			);
			name = LaunchScreen.storyboard;
			sourceTree = "<group>";
		};
/* End PBXVariantGroup section */

/* Begin XCBuildConfiguration section */
		10FF1B102150B65A005105A2 /* Debug */ = {
			isa = XCBuildConfiguration;
			buildSettings = {
				ALWAYS_SEARCH_USER_PATHS = NO;
				CLANG_ANALYZER_NONNULL = YES;
				CLANG_ANALYZER_NUMBER_OBJECT_CONVERSION = YES_AGGRESSIVE;
				CLANG_CXX_LANGUAGE_STANDARD = "gnu++14";
				CLANG_CXX_LIBRARY = "libc++";
				CLANG_ENABLE_MODULES = YES;
				CLANG_ENABLE_OBJC_ARC = YES;
				CLANG_ENABLE_OBJC_WEAK = YES;
				CLANG_WARN_BLOCK_CAPTURE_AUTORELEASING = YES;
				CLANG_WARN_BOOL_CONVERSION = YES;
				CLANG_WARN_COMMA = YES;
				CLANG_WARN_CONSTANT_CONVERSION = YES;
				CLANG_WARN_DEPRECATED_OBJC_IMPLEMENTATIONS = YES;
				CLANG_WARN_DIRECT_OBJC_ISA_USAGE = YES_ERROR;
				CLANG_WARN_DOCUMENTATION_COMMENTS = YES;
				CLANG_WARN_EMPTY_BODY = YES;
				CLANG_WARN_ENUM_CONVERSION = YES;
				CLANG_WARN_INFINITE_RECURSION = YES;
				CLANG_WARN_INT_CONVERSION = YES;
				CLANG_WARN_NON_LITERAL_NULL_CONVERSION = YES;
				CLANG_WARN_OBJC_IMPLICIT_RETAIN_SELF = YES;
				CLANG_WARN_OBJC_LITERAL_CONVERSION = YES;
				CLANG_WARN_OBJC_ROOT_CLASS = YES_ERROR;
				CLANG_WARN_RANGE_LOOP_ANALYSIS = YES;
				CLANG_WARN_STRICT_PROTOTYPES = YES;
				CLANG_WARN_SUSPICIOUS_MOVE = YES;
				CLANG_WARN_UNGUARDED_AVAILABILITY = YES_AGGRESSIVE;
				CLANG_WARN_UNREACHABLE_CODE = YES;
				CLANG_WARN__DUPLICATE_METHOD_MATCH = YES;
				CODE_SIGN_IDENTITY = "iPhone Developer";
				COPY_PHASE_STRIP = NO;
				DEBUG_INFORMATION_FORMAT = dwarf;
				ENABLE_STRICT_OBJC_MSGSEND = YES;
				ENABLE_TESTABILITY = YES;
				GCC_C_LANGUAGE_STANDARD = gnu11;
				GCC_DYNAMIC_NO_PIC = NO;
				GCC_NO_COMMON_BLOCKS = YES;
				GCC_OPTIMIZATION_LEVEL = 0;
				GCC_PREPROCESSOR_DEFINITIONS = (
					"DEBUG=1",
					"$(inherited)",
				);
				GCC_WARN_64_TO_32_BIT_CONVERSION = YES;
				GCC_WARN_ABOUT_RETURN_TYPE = YES_ERROR;
				GCC_WARN_UNDECLARED_SELECTOR = YES;
				GCC_WARN_UNINITIALIZED_AUTOS = YES_AGGRESSIVE;
				GCC_WARN_UNUSED_FUNCTION = YES;
				GCC_WARN_UNUSED_VARIABLE = YES;
				IPHONEOS_DEPLOYMENT_TARGET = 11.4;
				MTL_ENABLE_DEBUG_INFO = YES;
				ONLY_ACTIVE_ARCH = YES;
				SDKROOT = iphoneos;
				SWIFT_ACTIVE_COMPILATION_CONDITIONS = DEBUG;
				SWIFT_OPTIMIZATION_LEVEL = "-Onone";
			};
			name = Debug;
		};
		10FF1B112150B65A005105A2 /* Release */ = {
			isa = XCBuildConfiguration;
			buildSettings = {
				ALWAYS_SEARCH_USER_PATHS = NO;
				CLANG_ANALYZER_NONNULL = YES;
				CLANG_ANALYZER_NUMBER_OBJECT_CONVERSION = YES_AGGRESSIVE;
				CLANG_CXX_LANGUAGE_STANDARD = "gnu++14";
				CLANG_CXX_LIBRARY = "libc++";
				CLANG_ENABLE_MODULES = YES;
				CLANG_ENABLE_OBJC_ARC = YES;
				CLANG_ENABLE_OBJC_WEAK = YES;
				CLANG_WARN_BLOCK_CAPTURE_AUTORELEASING = YES;
				CLANG_WARN_BOOL_CONVERSION = YES;
				CLANG_WARN_COMMA = YES;
				CLANG_WARN_CONSTANT_CONVERSION = YES;
				CLANG_WARN_DEPRECATED_OBJC_IMPLEMENTATIONS = YES;
				CLANG_WARN_DIRECT_OBJC_ISA_USAGE = YES_ERROR;
				CLANG_WARN_DOCUMENTATION_COMMENTS = YES;
				CLANG_WARN_EMPTY_BODY = YES;
				CLANG_WARN_ENUM_CONVERSION = YES;
				CLANG_WARN_INFINITE_RECURSION = YES;
				CLANG_WARN_INT_CONVERSION = YES;
				CLANG_WARN_NON_LITERAL_NULL_CONVERSION = YES;
				CLANG_WARN_OBJC_IMPLICIT_RETAIN_SELF = YES;
				CLANG_WARN_OBJC_LITERAL_CONVERSION = YES;
				CLANG_WARN_OBJC_ROOT_CLASS = YES_ERROR;
				CLANG_WARN_RANGE_LOOP_ANALYSIS = YES;
				CLANG_WARN_STRICT_PROTOTYPES = YES;
				CLANG_WARN_SUSPICIOUS_MOVE = YES;
				CLANG_WARN_UNGUARDED_AVAILABILITY = YES_AGGRESSIVE;
				CLANG_WARN_UNREACHABLE_CODE = YES;
				CLANG_WARN__DUPLICATE_METHOD_MATCH = YES;
				CODE_SIGN_IDENTITY = "iPhone Developer";
				COPY_PHASE_STRIP = NO;
				DEBUG_INFORMATION_FORMAT = "dwarf-with-dsym";
				ENABLE_NS_ASSERTIONS = NO;
				ENABLE_STRICT_OBJC_MSGSEND = YES;
				GCC_C_LANGUAGE_STANDARD = gnu11;
				GCC_NO_COMMON_BLOCKS = YES;
				GCC_WARN_64_TO_32_BIT_CONVERSION = YES;
				GCC_WARN_ABOUT_RETURN_TYPE = YES_ERROR;
				GCC_WARN_UNDECLARED_SELECTOR = YES;
				GCC_WARN_UNINITIALIZED_AUTOS = YES_AGGRESSIVE;
				GCC_WARN_UNUSED_FUNCTION = YES;
				GCC_WARN_UNUSED_VARIABLE = YES;
				IPHONEOS_DEPLOYMENT_TARGET = 11.4;
				MTL_ENABLE_DEBUG_INFO = NO;
				SDKROOT = iphoneos;
				SWIFT_COMPILATION_MODE = wholemodule;
				SWIFT_OPTIMIZATION_LEVEL = "-O";
				VALIDATE_PRODUCT = YES;
			};
			name = Release;
		};
		10FF1B132150B65A005105A2 /* Debug */ = {
			isa = XCBuildConfiguration;
			buildSettings = {
				ASSETCATALOG_COMPILER_APPICON_NAME = AppIcon;
				CODE_SIGN_STYLE = Automatic;
				INFOPLIST_FILE = Tasks/Info.plist;
				LD_RUNPATH_SEARCH_PATHS = (
					"$(inherited)",
					"@executable_path/Frameworks",
				);
				PRODUCT_BUNDLE_IDENTIFIER = iree.tasks;
				PRODUCT_NAME = "$(TARGET_NAME)";
				SWIFT_VERSION = 4.0;
				TARGETED_DEVICE_FAMILY = 1;
			};
			name = Debug;
		};
		10FF1B142150B65A005105A2 /* Release */ = {
			isa = XCBuildConfiguration;
			buildSettings = {
				ASSETCATALOG_COMPILER_APPICON_NAME = AppIcon;
				CODE_SIGN_STYLE = Automatic;
				INFOPLIST_FILE = Tasks/Info.plist;
				LD_RUNPATH_SEARCH_PATHS = (
					"$(inherited)",
					"@executable_path/Frameworks",
				);
				PRODUCT_BUNDLE_IDENTIFIER = iree.tasks;
				PRODUCT_NAME = "$(TARGET_NAME)";
				SWIFT_VERSION = 4.0;
				TARGETED_DEVICE_FAMILY = 1;
			};
			name = Release;
		};
		10FF1B162150B65A005105A2 /* Debug */ = {
			isa = XCBuildConfiguration;
			buildSettings = {
				ALWAYS_EMBED_SWIFT_STANDARD_LIBRARIES = YES;
				BUNDLE_LOADER = "$(TEST_HOST)";
				CODE_SIGN_STYLE = Automatic;
				INFOPLIST_FILE = TasksTests/Info.plist;
				LD_RUNPATH_SEARCH_PATHS = (
					"$(inherited)",
					"@executable_path/Frameworks",
					"@loader_path/Frameworks",
				);
				PRODUCT_BUNDLE_IDENTIFIER = iree.TasksTests;
				PRODUCT_NAME = "$(TARGET_NAME)";
				SWIFT_VERSION = 4.0;
				TARGETED_DEVICE_FAMILY = "1,2";
				TEST_HOST = "$(BUILT_PRODUCTS_DIR)/Tasks.app/Tasks";
			};
			name = Debug;
		};
		10FF1B172150B65A005105A2 /* Release */ = {
			isa = XCBuildConfiguration;
			buildSettings = {
				ALWAYS_EMBED_SWIFT_STANDARD_LIBRARIES = YES;
				BUNDLE_LOADER = "$(TEST_HOST)";
				CODE_SIGN_STYLE = Automatic;
				INFOPLIST_FILE = TasksTests/Info.plist;
				LD_RUNPATH_SEARCH_PATHS = (
					"$(inherited)",
					"@executable_path/Frameworks",
					"@loader_path/Frameworks",
				);
				PRODUCT_BUNDLE_IDENTIFIER = iree.TasksTests;
				PRODUCT_NAME = "$(TARGET_NAME)";
				SWIFT_VERSION = 4.0;
				TARGETED_DEVICE_FAMILY = "1,2";
				TEST_HOST = "$(BUILT_PRODUCTS_DIR)/Tasks.app/Tasks";
			};
			name = Release;
		};
/* End XCBuildConfiguration section */

/* Begin XCConfigurationList section */
		10FF1AED2150B657005105A2 /* Build configuration list for PBXProject "Tasks" */ = {
			isa = XCConfigurationList;
			buildConfigurations = (
				10FF1B102150B65A005105A2 /* Debug */,
				10FF1B112150B65A005105A2 /* Release */,
			);
			defaultConfigurationIsVisible = 0;
			defaultConfigurationName = Release;
		};
		10FF1B122150B65A005105A2 /* Build configuration list for PBXNativeTarget "Tasks" */ = {
			isa = XCConfigurationList;
			buildConfigurations = (
				10FF1B132150B65A005105A2 /* Debug */,
				10FF1B142150B65A005105A2 /* Release */,
			);
			defaultConfigurationIsVisible = 0;
			defaultConfigurationName = Release;
		};
		10FF1B152150B65A005105A2 /* Build configuration list for PBXNativeTarget "TasksTests" */ = {
			isa = XCConfigurationList;
			buildConfigurations = (
				10FF1B162150B65A005105A2 /* Debug */,
				10FF1B172150B65A005105A2 /* Release */,
			);
			defaultConfigurationIsVisible = 0;
			defaultConfigurationName = Release;
		};
/* End XCConfigurationList section */

/* Begin XCVersionGroup section */
		10FF1AFC2150B657005105A2 /* Tasks.xcdatamodeld */ = {
			isa = XCVersionGroup;
			children = (
				10FF1AFD2150B657005105A2 /* Tasks.xcdatamodel */,
			);
			currentVersion = 10FF1AFD2150B657005105A2 /* Tasks.xcdatamodel */;
			path = Tasks.xcdatamodeld;
			sourceTree = "<group>";
			versionGroupType = wrapper.xcdatamodel;
		};
/* End XCVersionGroup section */
	};
	rootObject = 10FF1AEA2150B657005105A2 /* Project object */;
}
